
Microsoft Visual Studio Solution File, Format Version 12.00
# Visual Studio Version 17
VisualStudioVersion = 17.5.33424.131
MinimumVisualStudioVersion = 10.0.40219.1
Project("{9A19103F-16F7-4668-BE54-9A1E7A4F7556}") = "Course", "Course\Course.csproj", "{754B1544-0D4E-4785-97A0-949F5232E652}"
EndProject
Project("{FAE04EC0-301F-11D3-BF4B-00C04F79EFBC}") = "CourseTest", "CourseTest\CourseTest.csproj", "{E83DA1EF-A2BF-4F87-9EF8-D03B5235684A}"
EndProject
Global
	GlobalSection(SolutionConfigurationPlatforms) = preSolution
		Debug|Any CPU = Debug|Any CPU
		Release|Any CPU = Release|Any CPU
	EndGlobalSection
	GlobalSection(ProjectConfigurationPlatforms) = postSolution
		{754B1544-0D4E-4785-97A0-949F5232E652}.Debug|Any CPU.ActiveCfg = Debug|Any CPU
		{754B1544-0D4E-4785-97A0-949F5232E652}.Debug|Any CPU.Build.0 = Debug|Any CPU
		{754B1544-0D4E-4785-97A0-949F5232E652}.Release|Any CPU.ActiveCfg = Release|Any CPU
		{754B1544-0D4E-4785-97A0-949F5232E652}.Release|Any CPU.Build.0 = Release|Any CPU
		{E83DA1EF-A2BF-4F87-9EF8-D03B5235684A}.Debug|Any CPU.ActiveCfg = Debug|Any CPU
		{E83DA1EF-A2BF-4F87-9EF8-D03B5235684A}.Debug|Any CPU.Build.0 = Debug|Any CPU
		{E83DA1EF-A2BF-4F87-9EF8-D03B5235684A}.Release|Any CPU.ActiveCfg = Release|Any CPU
		{E83DA1EF-A2BF-4F87-9EF8-D03B5235684A}.Release|Any CPU.Build.0 = Release|Any CPU
	EndGlobalSection
	GlobalSection(SolutionProperties) = preSolution
		HideSolutionNode = FALSE
	EndGlobalSection
	GlobalSection(ExtensibilityGlobals) = postSolution
		SolutionGuid = {71CC61EC-3796-4B14-AC30-F9B4561EE547}
	EndGlobalSection
EndGlobal
